// !$*UTF8*$!
{
	archiveVersion = 1;
	classes = {
	};
	objectVersion = 46;
	objects = {

/* Begin PBXBuildFile section */
		2852644D1AD6E2F500E7D7AD /* IanLocations.m in Sources */ = {isa = PBXBuildFile; fileRef = 2852644C1AD6E2F500E7D7AD /* IanLocations.m */; };
		28F62A331ACDAA2700258EDE /* main.m in Sources */ = {isa = PBXBuildFile; fileRef = 28F62A321ACDAA2700258EDE /* main.m */; };
		28F62A361ACDAA2700258EDE /* AppDelegate.m in Sources */ = {isa = PBXBuildFile; fileRef = 28F62A351ACDAA2700258EDE /* AppDelegate.m */; };
		28F62A391ACDAA2700258EDE /* ViewController.m in Sources */ = {isa = PBXBuildFile; fileRef = 28F62A381ACDAA2700258EDE /* ViewController.m */; };
		28F62A3C1ACDAA2700258EDE /* Main.storyboard in Resources */ = {isa = PBXBuildFile; fileRef = 28F62A3A1ACDAA2700258EDE /* Main.storyboard */; };
		28F62A3E1ACDAA2700258EDE /* Images.xcassets in Resources */ = {isa = PBXBuildFile; fileRef = 28F62A3D1ACDAA2700258EDE /* Images.xcassets */; };
		28F62A411ACDAA2700258EDE /* LaunchScreen.xib in Resources */ = {isa = PBXBuildFile; fileRef = 28F62A3F1ACDAA2700258EDE /* LaunchScreen.xib */; };
		28F62A4D1ACDAA2700258EDE /* IanStalkerTests.m in Sources */ = {isa = PBXBuildFile; fileRef = 28F62A4C1ACDAA2700258EDE /* IanStalkerTests.m */; };
		28F62A571ACDAAD900258EDE /* CoreLocation.framework in Frameworks */ = {isa = PBXBuildFile; fileRef = 28F62A561ACDAAD900258EDE /* CoreLocation.framework */; };
		28F62A591ACDAADF00258EDE /* MapKit.framework in Frameworks */ = {isa = PBXBuildFile; fileRef = 28F62A581ACDAADF00258EDE /* MapKit.framework */; };
		28F62A5B1ACDAC4500258EDE /* default.gpx in Resources */ = {isa = PBXBuildFile; fileRef = 28F62A5A1ACDAC4500258EDE /* default.gpx */; };
		3D0ABA2A2687311E2DA33A14 /* libPods-IanStalkerTests.a in Frameworks */ = {isa = PBXBuildFile; fileRef = E43B4BA87C7F166B978DC926 /* libPods-IanStalkerTests.a */; };
		77AB37181C498FF8C2F7BC4B /* libPods-IanStalker.a in Frameworks */ = {isa = PBXBuildFile; fileRef = C2F1B742B9B1B304E9057DD7 /* libPods-IanStalker.a */; };
/* End PBXBuildFile section */

/* Begin PBXContainerItemProxy section */
		28F62A471ACDAA2700258EDE /* PBXContainerItemProxy */ = {
			isa = PBXContainerItemProxy;
			containerPortal = 28F62A251ACDAA2700258EDE /* Project object */;
			proxyType = 1;
			remoteGlobalIDString = 28F62A2C1ACDAA2700258EDE;
			remoteInfo = IanStalker;
		};
/* End PBXContainerItemProxy section */

/* Begin PBXFileReference section */
		0EE61BC15AC2E4817565E739 /* Pods-IanStalker.debug.xcconfig */ = {isa = PBXFileReference; includeInIndex = 1; lastKnownFileType = text.xcconfig; name = "Pods-IanStalker.debug.xcconfig"; path = "Pods/Target Support Files/Pods-IanStalker/Pods-IanStalker.debug.xcconfig"; sourceTree = "<group>"; };
		2852644B1AD6E2F500E7D7AD /* IanLocations.h */ = {isa = PBXFileReference; fileEncoding = 4; lastKnownFileType = sourcecode.c.h; path = IanLocations.h; sourceTree = "<group>"; };
		2852644C1AD6E2F500E7D7AD /* IanLocations.m */ = {isa = PBXFileReference; fileEncoding = 4; lastKnownFileType = sourcecode.c.objc; path = IanLocations.m; sourceTree = "<group>"; };
		28F62A2D1ACDAA2700258EDE /* IanStalker.app */ = {isa = PBXFileReference; explicitFileType = wrapper.application; includeInIndex = 0; path = IanStalker.app; sourceTree = BUILT_PRODUCTS_DIR; };
		28F62A311ACDAA2700258EDE /* Info.plist */ = {isa = PBXFileReference; lastKnownFileType = text.plist.xml; path = Info.plist; sourceTree = "<group>"; };
		28F62A321ACDAA2700258EDE /* main.m */ = {isa = PBXFileReference; lastKnownFileType = sourcecode.c.objc; path = main.m; sourceTree = "<group>"; };
		28F62A341ACDAA2700258EDE /* AppDelegate.h */ = {isa = PBXFileReference; lastKnownFileType = sourcecode.c.h; path = AppDelegate.h; sourceTree = "<group>"; };
		28F62A351ACDAA2700258EDE /* AppDelegate.m */ = {isa = PBXFileReference; lastKnownFileType = sourcecode.c.objc; path = AppDelegate.m; sourceTree = "<group>"; };
		28F62A371ACDAA2700258EDE /* ViewController.h */ = {isa = PBXFileReference; lastKnownFileType = sourcecode.c.h; path = ViewController.h; sourceTree = "<group>"; };
		28F62A381ACDAA2700258EDE /* ViewController.m */ = {isa = PBXFileReference; lastKnownFileType = sourcecode.c.objc; path = ViewController.m; sourceTree = "<group>"; };
		28F62A3B1ACDAA2700258EDE /* Base */ = {isa = PBXFileReference; lastKnownFileType = file.storyboard; name = Base; path = Base.lproj/Main.storyboard; sourceTree = "<group>"; };
		28F62A3D1ACDAA2700258EDE /* Images.xcassets */ = {isa = PBXFileReference; lastKnownFileType = folder.assetcatalog; path = Images.xcassets; sourceTree = "<group>"; };
		28F62A401ACDAA2700258EDE /* Base */ = {isa = PBXFileReference; lastKnownFileType = file.xib; name = Base; path = Base.lproj/LaunchScreen.xib; sourceTree = "<group>"; };
		28F62A461ACDAA2700258EDE /* IanStalkerTests.xctest */ = {isa = PBXFileReference; explicitFileType = wrapper.cfbundle; includeInIndex = 0; path = IanStalkerTests.xctest; sourceTree = BUILT_PRODUCTS_DIR; };
		28F62A4B1ACDAA2700258EDE /* Info.plist */ = {isa = PBXFileReference; lastKnownFileType = text.plist.xml; path = Info.plist; sourceTree = "<group>"; };
		28F62A4C1ACDAA2700258EDE /* IanStalkerTests.m */ = {isa = PBXFileReference; lastKnownFileType = sourcecode.c.objc; path = IanStalkerTests.m; sourceTree = "<group>"; };
		28F62A561ACDAAD900258EDE /* CoreLocation.framework */ = {isa = PBXFileReference; lastKnownFileType = wrapper.framework; name = CoreLocation.framework; path = System/Library/Frameworks/CoreLocation.framework; sourceTree = SDKROOT; };
		28F62A581ACDAADF00258EDE /* MapKit.framework */ = {isa = PBXFileReference; lastKnownFileType = wrapper.framework; name = MapKit.framework; path = System/Library/Frameworks/MapKit.framework; sourceTree = SDKROOT; };
		28F62A5A1ACDAC4500258EDE /* default.gpx */ = {isa = PBXFileReference; fileEncoding = 4; lastKnownFileType = text.xml; path = default.gpx; sourceTree = "<group>"; };
		BA97CB54D3C34FD6B140B10F /* Pods-IanStalkerTests.release.xcconfig */ = {isa = PBXFileReference; includeInIndex = 1; lastKnownFileType = text.xcconfig; name = "Pods-IanStalkerTests.release.xcconfig"; path = "Pods/Target Support Files/Pods-IanStalkerTests/Pods-IanStalkerTests.release.xcconfig"; sourceTree = "<group>"; };
		C2F1B742B9B1B304E9057DD7 /* libPods-IanStalker.a */ = {isa = PBXFileReference; explicitFileType = archive.ar; includeInIndex = 0; path = "libPods-IanStalker.a"; sourceTree = BUILT_PRODUCTS_DIR; };
		D3D0EE411D4E7A01A233C540 /* Pods-IanStalker.release.xcconfig */ = {isa = PBXFileReference; includeInIndex = 1; lastKnownFileType = text.xcconfig; name = "Pods-IanStalker.release.xcconfig"; path = "Pods/Target Support Files/Pods-IanStalker/Pods-IanStalker.release.xcconfig"; sourceTree = "<group>"; };
		E43B4BA87C7F166B978DC926 /* libPods-IanStalkerTests.a */ = {isa = PBXFileReference; explicitFileType = archive.ar; includeInIndex = 0; path = "libPods-IanStalkerTests.a"; sourceTree = BUILT_PRODUCTS_DIR; };
		F1F49E21E32FEC6BDCB89243 /* Pods-IanStalkerTests.debug.xcconfig */ = {isa = PBXFileReference; includeInIndex = 1; lastKnownFileType = text.xcconfig; name = "Pods-IanStalkerTests.debug.xcconfig"; path = "Pods/Target Support Files/Pods-IanStalkerTests/Pods-IanStalkerTests.debug.xcconfig"; sourceTree = "<group>"; };
/* End PBXFileReference section */

/* Begin PBXFrameworksBuildPhase section */
		28F62A2A1ACDAA2700258EDE /* Frameworks */ = {
			isa = PBXFrameworksBuildPhase;
			buildActionMask = 2147483647;
			files = (
				28F62A591ACDAADF00258EDE /* MapKit.framework in Frameworks */,
				28F62A571ACDAAD900258EDE /* CoreLocation.framework in Frameworks */,
				77AB37181C498FF8C2F7BC4B /* libPods-IanStalker.a in Frameworks */,
			);
			runOnlyForDeploymentPostprocessing = 0;
		};
		28F62A431ACDAA2700258EDE /* Frameworks */ = {
			isa = PBXFrameworksBuildPhase;
			buildActionMask = 2147483647;
			files = (
				3D0ABA2A2687311E2DA33A14 /* libPods-IanStalkerTests.a in Frameworks */,
			);
			runOnlyForDeploymentPostprocessing = 0;
		};
/* End PBXFrameworksBuildPhase section */

/* Begin PBXGroup section */
		28F62A241ACDAA2700258EDE = {
			isa = PBXGroup;
			children = (
				28F62A581ACDAADF00258EDE /* MapKit.framework */,
				28F62A561ACDAAD900258EDE /* CoreLocation.framework */,
				28F62A2F1ACDAA2700258EDE /* IanStalker */,
				28F62A491ACDAA2700258EDE /* IanStalkerTests */,
				28F62A2E1ACDAA2700258EDE /* Products */,
				2D3808FDD78C4030FEBA998D /* Pods */,
				7A4837F8745E76DC570D2FE6 /* Frameworks */,
			);
			sourceTree = "<group>";
		};
		28F62A2E1ACDAA2700258EDE /* Products */ = {
			isa = PBXGroup;
			children = (
				28F62A2D1ACDAA2700258EDE /* IanStalker.app */,
				28F62A461ACDAA2700258EDE /* IanStalkerTests.xctest */,
			);
			name = Products;
			sourceTree = "<group>";
		};
		28F62A2F1ACDAA2700258EDE /* IanStalker */ = {
			isa = PBXGroup;
			children = (
				28F62A341ACDAA2700258EDE /* AppDelegate.h */,
				28F62A351ACDAA2700258EDE /* AppDelegate.m */,
				2852644B1AD6E2F500E7D7AD /* IanLocations.h */,
				2852644C1AD6E2F500E7D7AD /* IanLocations.m */,
				28F62A371ACDAA2700258EDE /* ViewController.h */,
				28F62A381ACDAA2700258EDE /* ViewController.m */,
				28F62A3A1ACDAA2700258EDE /* Main.storyboard */,
				28F62A3D1ACDAA2700258EDE /* Images.xcassets */,
				28F62A3F1ACDAA2700258EDE /* LaunchScreen.xib */,
				28F62A301ACDAA2700258EDE /* Supporting Files */,
			);
			path = IanStalker;
			sourceTree = "<group>";
		};
		28F62A301ACDAA2700258EDE /* Supporting Files */ = {
			isa = PBXGroup;
			children = (
				28F62A5A1ACDAC4500258EDE /* default.gpx */,
				28F62A311ACDAA2700258EDE /* Info.plist */,
				28F62A321ACDAA2700258EDE /* main.m */,
			);
			name = "Supporting Files";
			sourceTree = "<group>";
		};
		28F62A491ACDAA2700258EDE /* IanStalkerTests */ = {
			isa = PBXGroup;
			children = (
				28F62A4C1ACDAA2700258EDE /* IanStalkerTests.m */,
				28F62A4A1ACDAA2700258EDE /* Supporting Files */,
			);
			path = IanStalkerTests;
			sourceTree = "<group>";
		};
		28F62A4A1ACDAA2700258EDE /* Supporting Files */ = {
			isa = PBXGroup;
			children = (
				28F62A4B1ACDAA2700258EDE /* Info.plist */,
			);
			name = "Supporting Files";
			sourceTree = "<group>";
		};
		2D3808FDD78C4030FEBA998D /* Pods */ = {
			isa = PBXGroup;
			children = (
				0EE61BC15AC2E4817565E739 /* Pods-IanStalker.debug.xcconfig */,
				D3D0EE411D4E7A01A233C540 /* Pods-IanStalker.release.xcconfig */,
				F1F49E21E32FEC6BDCB89243 /* Pods-IanStalkerTests.debug.xcconfig */,
				BA97CB54D3C34FD6B140B10F /* Pods-IanStalkerTests.release.xcconfig */,
			);
			name = Pods;
			sourceTree = "<group>";
		};
		7A4837F8745E76DC570D2FE6 /* Frameworks */ = {
			isa = PBXGroup;
			children = (
				C2F1B742B9B1B304E9057DD7 /* libPods-IanStalker.a */,
				E43B4BA87C7F166B978DC926 /* libPods-IanStalkerTests.a */,
			);
			name = Frameworks;
			sourceTree = "<group>";
		};
/* End PBXGroup section */

/* Begin PBXNativeTarget section */
		28F62A2C1ACDAA2700258EDE /* IanStalker */ = {
			isa = PBXNativeTarget;
			buildConfigurationList = 28F62A501ACDAA2700258EDE /* Build configuration list for PBXNativeTarget "IanStalker" */;
			buildPhases = (
				4E16174FE24C53D57A1BED8E /* Check Pods Manifest.lock */,
				28F62A291ACDAA2700258EDE /* Sources */,
				28F62A2A1ACDAA2700258EDE /* Frameworks */,
				28F62A2B1ACDAA2700258EDE /* Resources */,
				B8C16468E97924E2B58EAB2F /* Copy Pods Resources */,
			);
			buildRules = (
			);
			dependencies = (
			);
			name = IanStalker;
			productName = IanStalker;
			productReference = 28F62A2D1ACDAA2700258EDE /* IanStalker.app */;
			productType = "com.apple.product-type.application";
		};
		28F62A451ACDAA2700258EDE /* IanStalkerTests */ = {
			isa = PBXNativeTarget;
			buildConfigurationList = 28F62A531ACDAA2700258EDE /* Build configuration list for PBXNativeTarget "IanStalkerTests" */;
			buildPhases = (
				0AE0EC3C1B6E5C1912A4B59D /* Check Pods Manifest.lock */,
				28F62A421ACDAA2700258EDE /* Sources */,
				28F62A431ACDAA2700258EDE /* Frameworks */,
				28F62A441ACDAA2700258EDE /* Resources */,
				DE097C3705F678734786320B /* Copy Pods Resources */,
			);
			buildRules = (
			);
			dependencies = (
				28F62A481ACDAA2700258EDE /* PBXTargetDependency */,
			);
			name = IanStalkerTests;
			productName = IanStalkerTests;
			productReference = 28F62A461ACDAA2700258EDE /* IanStalkerTests.xctest */;
			productType = "com.apple.product-type.bundle.unit-test";
		};
/* End PBXNativeTarget section */

/* Begin PBXProject section */
		28F62A251ACDAA2700258EDE /* Project object */ = {
			isa = PBXProject;
			attributes = {
				LastUpgradeCheck = 0620;
				ORGANIZATIONNAME = "Ian MacKinnon";
				TargetAttributes = {
					28F62A2C1ACDAA2700258EDE = {
						CreatedOnToolsVersion = 6.2;
					};
					28F62A451ACDAA2700258EDE = {
						CreatedOnToolsVersion = 6.2;
						TestTargetID = 28F62A2C1ACDAA2700258EDE;
					};
				};
			};
			buildConfigurationList = 28F62A281ACDAA2700258EDE /* Build configuration list for PBXProject "IanStalker" */;
			compatibilityVersion = "Xcode 3.2";
			developmentRegion = English;
			hasScannedForEncodings = 0;
			knownRegions = (
				en,
				Base,
			);
			mainGroup = 28F62A241ACDAA2700258EDE;
			productRefGroup = 28F62A2E1ACDAA2700258EDE /* Products */;
			projectDirPath = "";
			projectRoot = "";
			targets = (
				28F62A2C1ACDAA2700258EDE /* IanStalker */,
				28F62A451ACDAA2700258EDE /* IanStalkerTests */,
			);
		};
/* End PBXProject section */

/* Begin PBXResourcesBuildPhase section */
		28F62A2B1ACDAA2700258EDE /* Resources */ = {
			isa = PBXResourcesBuildPhase;
			buildActionMask = 2147483647;
			files = (
				28F62A3C1ACDAA2700258EDE /* Main.storyboard in Resources */,
				28F62A5B1ACDAC4500258EDE /* default.gpx in Resources */,
				28F62A411ACDAA2700258EDE /* LaunchScreen.xib in Resources */,
				28F62A3E1ACDAA2700258EDE /* Images.xcassets in Resources */,
			);
			runOnlyForDeploymentPostprocessing = 0;
		};
		28F62A441ACDAA2700258EDE /* Resources */ = {
			isa = PBXResourcesBuildPhase;
			buildActionMask = 2147483647;
			files = (
			);
			runOnlyForDeploymentPostprocessing = 0;
		};
/* End PBXResourcesBuildPhase section */

/* Begin PBXShellScriptBuildPhase section */
		0AE0EC3C1B6E5C1912A4B59D /* Check Pods Manifest.lock */ = {
			isa = PBXShellScriptBuildPhase;
			buildActionMask = 2147483647;
			files = (
			);
			inputPaths = (
			);
			name = "Check Pods Manifest.lock";
			outputPaths = (
			);
			runOnlyForDeploymentPostprocessing = 0;
			shellPath = /bin/sh;
			shellScript = "diff \"${PODS_ROOT}/../Podfile.lock\" \"${PODS_ROOT}/Manifest.lock\" > /dev/null\nif [[ $? != 0 ]] ; then\n    cat << EOM\nerror: The sandbox is not in sync with the Podfile.lock. Run 'pod install' or update your CocoaPods installation.\nEOM\n    exit 1\nfi\n";
			showEnvVarsInLog = 0;
		};
		4E16174FE24C53D57A1BED8E /* Check Pods Manifest.lock */ = {
			isa = PBXShellScriptBuildPhase;
			buildActionMask = 2147483647;
			files = (
			);
			inputPaths = (
			);
			name = "Check Pods Manifest.lock";
			outputPaths = (
			);
			runOnlyForDeploymentPostprocessing = 0;
			shellPath = /bin/sh;
			shellScript = "diff \"${PODS_ROOT}/../Podfile.lock\" \"${PODS_ROOT}/Manifest.lock\" > /dev/null\nif [[ $? != 0 ]] ; then\n    cat << EOM\nerror: The sandbox is not in sync with the Podfile.lock. Run 'pod install' or update your CocoaPods installation.\nEOM\n    exit 1\nfi\n";
			showEnvVarsInLog = 0;
		};
		B8C16468E97924E2B58EAB2F /* Copy Pods Resources */ = {
			isa = PBXShellScriptBuildPhase;
			buildActionMask = 2147483647;
			files = (
			);
			inputPaths = (
			);
			name = "Copy Pods Resources";
			outputPaths = (
			);
			runOnlyForDeploymentPostprocessing = 0;
			shellPath = /bin/sh;
			shellScript = "\"${SRCROOT}/Pods/Target Support Files/Pods-IanStalker/Pods-IanStalker-resources.sh\"\n";
			showEnvVarsInLog = 0;
		};
		DE097C3705F678734786320B /* Copy Pods Resources */ = {
			isa = PBXShellScriptBuildPhase;
			buildActionMask = 2147483647;
			files = (
			);
			inputPaths = (
			);
			name = "Copy Pods Resources";
			outputPaths = (
			);
			runOnlyForDeploymentPostprocessing = 0;
			shellPath = /bin/sh;
			shellScript = "\"${SRCROOT}/Pods/Target Support Files/Pods-IanStalkerTests/Pods-IanStalkerTests-resources.sh\"\n";
			showEnvVarsInLog = 0;
		};
/* End PBXShellScriptBuildPhase section */

/* Begin PBXSourcesBuildPhase section */
		28F62A291ACDAA2700258EDE /* Sources */ = {
			isa = PBXSourcesBuildPhase;
			buildActionMask = 2147483647;
			files = (
				28F62A391ACDAA2700258EDE /* ViewController.m in Sources */,
				2852644D1AD6E2F500E7D7AD /* IanLocations.m in Sources */,
				28F62A361ACDAA2700258EDE /* AppDelegate.m in Sources */,
				28F62A331ACDAA2700258EDE /* main.m in Sources */,
			);
			runOnlyForDeploymentPostprocessing = 0;
		};
		28F62A421ACDAA2700258EDE /* Sources */ = {
			isa = PBXSourcesBuildPhase;
			buildActionMask = 2147483647;
			files = (
				28F62A4D1ACDAA2700258EDE /* IanStalkerTests.m in Sources */,
			);
			runOnlyForDeploymentPostprocessing = 0;
		};
/* End PBXSourcesBuildPhase section */

/* Begin PBXTargetDependency section */
		28F62A481ACDAA2700258EDE /* PBXTargetDependency */ = {
			isa = PBXTargetDependency;
			target = 28F62A2C1ACDAA2700258EDE /* IanStalker */;
			targetProxy = 28F62A471ACDAA2700258EDE /* PBXContainerItemProxy */;
		};
/* End PBXTargetDependency section */

/* Begin PBXVariantGroup section */
		28F62A3A1ACDAA2700258EDE /* Main.storyboard */ = {
			isa = PBXVariantGroup;
			children = (
				28F62A3B1ACDAA2700258EDE /* Base */,
			);
			name = Main.storyboard;
			sourceTree = "<group>";
		};
		28F62A3F1ACDAA2700258EDE /* LaunchScreen.xib */ = {
			isa = PBXVariantGroup;
			children = (
				28F62A401ACDAA2700258EDE /* Base */,
			);
			name = LaunchScreen.xib;
			sourceTree = "<group>";
		};
/* End PBXVariantGroup section */

/* Begin XCBuildConfiguration section */
		28F62A4E1ACDAA2700258EDE /* Debug */ = {
			isa = XCBuildConfiguration;
			buildSettings = {
				ALWAYS_SEARCH_USER_PATHS = NO;
				CLANG_CXX_LANGUAGE_STANDARD = "gnu++0x";
				CLANG_CXX_LIBRARY = "libc++";
				CLANG_ENABLE_MODULES = YES;
				CLANG_ENABLE_OBJC_ARC = YES;
				CLANG_WARN_BOOL_CONVERSION = YES;
				CLANG_WARN_CONSTANT_CONVERSION = YES;
				CLANG_WARN_DIRECT_OBJC_ISA_USAGE = YES_ERROR;
				CLANG_WARN_EMPTY_BODY = YES;
				CLANG_WARN_ENUM_CONVERSION = YES;
				CLANG_WARN_INT_CONVERSION = YES;
				CLANG_WARN_OBJC_ROOT_CLASS = YES_ERROR;
				CLANG_WARN_UNREACHABLE_CODE = YES;
				CLANG_WARN__DUPLICATE_METHOD_MATCH = YES;
				"CODE_SIGN_IDENTITY[sdk=iphoneos*]" = "iPhone Developer";
				COPY_PHASE_STRIP = NO;
				ENABLE_STRICT_OBJC_MSGSEND = YES;
				GCC_C_LANGUAGE_STANDARD = gnu99;
				GCC_DYNAMIC_NO_PIC = NO;
				GCC_OPTIMIZATION_LEVEL = 0;
				GCC_PREPROCESSOR_DEFINITIONS = (
					"DEBUG=1",
					"$(inherited)",
				);
				GCC_SYMBOLS_PRIVATE_EXTERN = NO;
				GCC_WARN_64_TO_32_BIT_CONVERSION = YES;
				GCC_WARN_ABOUT_RETURN_TYPE = YES_ERROR;
				GCC_WARN_UNDECLARED_SELECTOR = YES;
				GCC_WARN_UNINITIALIZED_AUTOS = YES_AGGRESSIVE;
				GCC_WARN_UNUSED_FUNCTION = YES;
				GCC_WARN_UNUSED_VARIABLE = YES;
				IPHONEOS_DEPLOYMENT_TARGET = 8.2;
				MTL_ENABLE_DEBUG_INFO = YES;
				ONLY_ACTIVE_ARCH = YES;
				SDKROOT = iphoneos;
			};
			name = Debug;
		};
		28F62A4F1ACDAA2700258EDE /* Release */ = {
			isa = XCBuildConfiguration;
			buildSettings = {
				ALWAYS_SEARCH_USER_PATHS = NO;
				CLANG_CXX_LANGUAGE_STANDARD = "gnu++0x";
				CLANG_CXX_LIBRARY = "libc++";
				CLANG_ENABLE_MODULES = YES;
				CLANG_ENABLE_OBJC_ARC = YES;
				CLANG_WARN_BOOL_CONVERSION = YES;
				CLANG_WARN_CONSTANT_CONVERSION = YES;
				CLANG_WARN_DIRECT_OBJC_ISA_USAGE = YES_ERROR;
				CLANG_WARN_EMPTY_BODY = YES;
				CLANG_WARN_ENUM_CONVERSION = YES;
				CLANG_WARN_INT_CONVERSION = YES;
				CLANG_WARN_OBJC_ROOT_CLASS = YES_ERROR;
				CLANG_WARN_UNREACHABLE_CODE = YES;
				CLANG_WARN__DUPLICATE_METHOD_MATCH = YES;
				"CODE_SIGN_IDENTITY[sdk=iphoneos*]" = "iPhone Developer";
				COPY_PHASE_STRIP = NO;
				ENABLE_NS_ASSERTIONS = NO;
				ENABLE_STRICT_OBJC_MSGSEND = YES;
				GCC_C_LANGUAGE_STANDARD = gnu99;
				GCC_WARN_64_TO_32_BIT_CONVERSION = YES;
				GCC_WARN_ABOUT_RETURN_TYPE = YES_ERROR;
				GCC_WARN_UNDECLARED_SELECTOR = YES;
				GCC_WARN_UNINITIALIZED_AUTOS = YES_AGGRESSIVE;
				GCC_WARN_UNUSED_FUNCTION = YES;
				GCC_WARN_UNUSED_VARIABLE = YES;
				IPHONEOS_DEPLOYMENT_TARGET = 8.2;
				MTL_ENABLE_DEBUG_INFO = NO;
				SDKROOT = iphoneos;
				VALIDATE_PRODUCT = YES;
			};
			name = Release;
		};
		28F62A511ACDAA2700258EDE /* Debug */ = {
			isa = XCBuildConfiguration;
			baseConfigurationReference = 0EE61BC15AC2E4817565E739 /* Pods-IanStalker.debug.xcconfig */;
			buildSettings = {
				ASSETCATALOG_COMPILER_APPICON_NAME = AppIcon;
				INFOPLIST_FILE = IanStalker/Info.plist;
				LD_RUNPATH_SEARCH_PATHS = "$(inherited) @executable_path/Frameworks";
				PRODUCT_NAME = "$(TARGET_NAME)";
			};
			name = Debug;
		};
		28F62A521ACDAA2700258EDE /* Release */ = {
			isa = XCBuildConfiguration;
			baseConfigurationReference = D3D0EE411D4E7A01A233C540 /* Pods-IanStalker.release.xcconfig */;
			buildSettings = {
				ASSETCATALOG_COMPILER_APPICON_NAME = AppIcon;
				INFOPLIST_FILE = IanStalker/Info.plist;
				LD_RUNPATH_SEARCH_PATHS = "$(inherited) @executable_path/Frameworks";
				PRODUCT_NAME = "$(TARGET_NAME)";
			};
			name = Release;
		};
		28F62A541ACDAA2700258EDE /* Debug */ = {
			isa = XCBuildConfiguration;
			baseConfigurationReference = F1F49E21E32FEC6BDCB89243 /* Pods-IanStalkerTests.debug.xcconfig */;
			buildSettings = {
				BUNDLE_LOADER = "$(TEST_HOST)";
				FRAMEWORK_SEARCH_PATHS = (
					"$(SDKROOT)/Developer/Library/Frameworks",
					"$(inherited)",
				);
				GCC_PREPROCESSOR_DEFINITIONS = (
					"DEBUG=1",
					"$(inherited)",
				);
				INFOPLIST_FILE = IanStalkerTests/Info.plist;
				LD_RUNPATH_SEARCH_PATHS = "$(inherited) @executable_path/Frameworks @loader_path/Frameworks";
				PRODUCT_NAME = "$(TARGET_NAME)";
				TEST_HOST = "$(BUILT_PRODUCTS_DIR)/IanStalker.app/IanStalker";
			};
			name = Debug;
		};
		28F62A551ACDAA2700258EDE /* Release */ = {
			isa = XCBuildConfiguration;
			baseConfigurationReference = BA97CB54D3C34FD6B140B10F /* Pods-IanStalkerTests.release.xcconfig */;
			buildSettings = {
				BUNDLE_LOADER = "$(TEST_HOST)";
				FRAMEWORK_SEARCH_PATHS = (
					"$(SDKROOT)/Developer/Library/Frameworks",
					"$(inherited)",
				);
				INFOPLIST_FILE = IanStalkerTests/Info.plist;
				LD_RUNPATH_SEARCH_PATHS = "$(inherited) @executable_path/Frameworks @loader_path/Frameworks";
				PRODUCT_NAME = "$(TARGET_NAME)";
				TEST_HOST = "$(BUILT_PRODUCTS_DIR)/IanStalker.app/IanStalker";
			};
			name = Release;
		};
/* End XCBuildConfiguration section */

/* Begin XCConfigurationList section */
		28F62A281ACDAA2700258EDE /* Build configuration list for PBXProject "IanStalker" */ = {
			isa = XCConfigurationList;
			buildConfigurations = (
				28F62A4E1ACDAA2700258EDE /* Debug */,
				28F62A4F1ACDAA2700258EDE /* Release */,
			);
			defaultConfigurationIsVisible = 0;
			defaultConfigurationName = Release;
		};
		28F62A501ACDAA2700258EDE /* Build configuration list for PBXNativeTarget "IanStalker" */ = {
			isa = XCConfigurationList;
			buildConfigurations = (
				28F62A511ACDAA2700258EDE /* Debug */,
				28F62A521ACDAA2700258EDE /* Release */,
			);
			defaultConfigurationIsVisible = 0;
			defaultConfigurationName = Release;
		};
		28F62A531ACDAA2700258EDE /* Build configuration list for PBXNativeTarget "IanStalkerTests" */ = {
			isa = XCConfigurationList;
			buildConfigurations = (
				28F62A541ACDAA2700258EDE /* Debug */,
				28F62A551ACDAA2700258EDE /* Release */,
			);
			defaultConfigurationIsVisible = 0;
			defaultConfigurationName = Release;
		};
/* End XCConfigurationList section */
	};
	rootObject = 28F62A251ACDAA2700258EDE /* Project object */;
}
